// !$*UTF8*$!
{
	archiveVersion = 1;
	classes = {
	};
	objectVersion = 50;
	objects = {

/* Begin PBXBuildFile section */
		512CD4A225226EE5002BD969 /* AppDelegate.swift in Sources */ = {isa = PBXBuildFile; fileRef = 512CD4A125226EE5002BD969 /* AppDelegate.swift */; };
		512CD4A425226EE5002BD969 /* SceneDelegate.swift in Sources */ = {isa = PBXBuildFile; fileRef = 512CD4A325226EE5002BD969 /* SceneDelegate.swift */; };
		512CD4A625226EE5002BD969 /* ViewController.swift in Sources */ = {isa = PBXBuildFile; fileRef = 512CD4A525226EE5002BD969 /* ViewController.swift */; };
		512CD4A925226EE5002BD969 /* Main.storyboard in Resources */ = {isa = PBXBuildFile; fileRef = 512CD4A725226EE5002BD969 /* Main.storyboard */; };
		512CD4AB25226EF6002BD969 /* Assets.xcassets in Resources */ = {isa = PBXBuildFile; fileRef = 512CD4AA25226EF6002BD969 /* Assets.xcassets */; };
		512CD4AE25226EF6002BD969 /* LaunchScreen.storyboard in Resources */ = {isa = PBXBuildFile; fileRef = 512CD4AC25226EF6002BD969 /* LaunchScreen.storyboard */; };
		512CD4B925226EF7002BD969 /* FlixsterTests.swift in Sources */ = {isa = PBXBuildFile; fileRef = 512CD4B825226EF7002BD969 /* FlixsterTests.swift */; };
		512CD4C425226EF7002BD969 /* FlixsterUITests.swift in Sources */ = {isa = PBXBuildFile; fileRef = 512CD4C325226EF7002BD969 /* FlixsterUITests.swift */; };
/* End PBXBuildFile section */

/* Begin PBXContainerItemProxy section */
		512CD4B525226EF7002BD969 /* PBXContainerItemProxy */ = {
			isa = PBXContainerItemProxy;
			containerPortal = 512CD49625226EE4002BD969 /* Project object */;
			proxyType = 1;
			remoteGlobalIDString = 512CD49D25226EE5002BD969;
			remoteInfo = Flixster;
		};
		512CD4C025226EF7002BD969 /* PBXContainerItemProxy */ = {
			isa = PBXContainerItemProxy;
			containerPortal = 512CD49625226EE4002BD969 /* Project object */;
			proxyType = 1;
			remoteGlobalIDString = 512CD49D25226EE5002BD969;
			remoteInfo = Flixster;
		};
/* End PBXContainerItemProxy section */

/* Begin PBXFileReference section */
		512CD49E25226EE5002BD969 /* Flixster.app */ = {isa = PBXFileReference; explicitFileType = wrapper.application; includeInIndex = 0; path = Flixster.app; sourceTree = BUILT_PRODUCTS_DIR; };
		512CD4A125226EE5002BD969 /* AppDelegate.swift */ = {isa = PBXFileReference; lastKnownFileType = sourcecode.swift; path = AppDelegate.swift; sourceTree = "<group>"; };
		512CD4A325226EE5002BD969 /* SceneDelegate.swift */ = {isa = PBXFileReference; lastKnownFileType = sourcecode.swift; path = SceneDelegate.swift; sourceTree = "<group>"; };
		512CD4A525226EE5002BD969 /* ViewController.swift */ = {isa = PBXFileReference; lastKnownFileType = sourcecode.swift; path = ViewController.swift; sourceTree = "<group>"; };
		512CD4A825226EE5002BD969 /* Base */ = {isa = PBXFileReference; lastKnownFileType = file.storyboard; name = Base; path = Base.lproj/Main.storyboard; sourceTree = "<group>"; };
		512CD4AA25226EF6002BD969 /* Assets.xcassets */ = {isa = PBXFileReference; lastKnownFileType = folder.assetcatalog; path = Assets.xcassets; sourceTree = "<group>"; };
		512CD4AD25226EF6002BD969 /* Base */ = {isa = PBXFileReference; lastKnownFileType = file.storyboard; name = Base; path = Base.lproj/LaunchScreen.storyboard; sourceTree = "<group>"; };
		512CD4AF25226EF6002BD969 /* Info.plist */ = {isa = PBXFileReference; lastKnownFileType = text.plist.xml; path = Info.plist; sourceTree = "<group>"; };
		512CD4B425226EF7002BD969 /* FlixsterTests.xctest */ = {isa = PBXFileReference; explicitFileType = wrapper.cfbundle; includeInIndex = 0; path = FlixsterTests.xctest; sourceTree = BUILT_PRODUCTS_DIR; };
		512CD4B825226EF7002BD969 /* FlixsterTests.swift */ = {isa = PBXFileReference; lastKnownFileType = sourcecode.swift; path = FlixsterTests.swift; sourceTree = "<group>"; };
		512CD4BA25226EF7002BD969 /* Info.plist */ = {isa = PBXFileReference; lastKnownFileType = text.plist.xml; path = Info.plist; sourceTree = "<group>"; };
		512CD4BF25226EF7002BD969 /* FlixsterUITests.xctest */ = {isa = PBXFileReference; explicitFileType = wrapper.cfbundle; includeInIndex = 0; path = FlixsterUITests.xctest; sourceTree = BUILT_PRODUCTS_DIR; };
		512CD4C325226EF7002BD969 /* FlixsterUITests.swift */ = {isa = PBXFileReference; lastKnownFileType = sourcecode.swift; path = FlixsterUITests.swift; sourceTree = "<group>"; };
		512CD4C525226EF7002BD969 /* Info.plist */ = {isa = PBXFileReference; lastKnownFileType = text.plist.xml; path = Info.plist; sourceTree = "<group>"; };
/* End PBXFileReference section */

/* Begin PBXFrameworksBuildPhase section */
		512CD49B25226EE5002BD969 /* Frameworks */ = {
			isa = PBXFrameworksBuildPhase;
			buildActionMask = 2147483647;
			files = (
			);
			runOnlyForDeploymentPostprocessing = 0;
		};
		512CD4B125226EF7002BD969 /* Frameworks */ = {
			isa = PBXFrameworksBuildPhase;
			buildActionMask = 2147483647;
			files = (
			);
			runOnlyForDeploymentPostprocessing = 0;
		};
		512CD4BC25226EF7002BD969 /* Frameworks */ = {
			isa = PBXFrameworksBuildPhase;
			buildActionMask = 2147483647;
			files = (
			);
			runOnlyForDeploymentPostprocessing = 0;
		};
/* End PBXFrameworksBuildPhase section */

/* Begin PBXGroup section */
		512CD49525226EE4002BD969 = {
			isa = PBXGroup;
			children = (
				512CD4A025226EE5002BD969 /* Flixster */,
				512CD4B725226EF7002BD969 /* FlixsterTests */,
				512CD4C225226EF7002BD969 /* FlixsterUITests */,
				512CD49F25226EE5002BD969 /* Products */,
			);
			sourceTree = "<group>";
		};
		512CD49F25226EE5002BD969 /* Products */ = {
			isa = PBXGroup;
			children = (
				512CD49E25226EE5002BD969 /* Flixster.app */,
				512CD4B425226EF7002BD969 /* FlixsterTests.xctest */,
				512CD4BF25226EF7002BD969 /* FlixsterUITests.xctest */,
			);
			name = Products;
			sourceTree = "<group>";
		};
		512CD4A025226EE5002BD969 /* Flixster */ = {
			isa = PBXGroup;
			children = (
				512CD4A125226EE5002BD969 /* AppDelegate.swift */,
				512CD4A325226EE5002BD969 /* SceneDelegate.swift */,
				512CD4A525226EE5002BD969 /* ViewController.swift */,
				512CD4A725226EE5002BD969 /* Main.storyboard */,
				512CD4AA25226EF6002BD969 /* Assets.xcassets */,
				512CD4AC25226EF6002BD969 /* LaunchScreen.storyboard */,
				512CD4AF25226EF6002BD969 /* Info.plist */,
			);
			path = Flixster;
			sourceTree = "<group>";
		};
		512CD4B725226EF7002BD969 /* FlixsterTests */ = {
			isa = PBXGroup;
			children = (
				512CD4B825226EF7002BD969 /* FlixsterTests.swift */,
				512CD4BA25226EF7002BD969 /* Info.plist */,
			);
			path = FlixsterTests;
			sourceTree = "<group>";
		};
		512CD4C225226EF7002BD969 /* FlixsterUITests */ = {
			isa = PBXGroup;
			children = (
				512CD4C325226EF7002BD969 /* FlixsterUITests.swift */,
				512CD4C525226EF7002BD969 /* Info.plist */,
			);
			path = FlixsterUITests;
			sourceTree = "<group>";
		};
/* End PBXGroup section */

/* Begin PBXNativeTarget section */
		512CD49D25226EE5002BD969 /* Flixster */ = {
			isa = PBXNativeTarget;
			buildConfigurationList = 512CD4C825226EF7002BD969 /* Build configuration list for PBXNativeTarget "Flixster" */;
			buildPhases = (
				512CD49A25226EE5002BD969 /* Sources */,
				512CD49B25226EE5002BD969 /* Frameworks */,
				512CD49C25226EE5002BD969 /* Resources */,
			);
			buildRules = (
			);
			dependencies = (
			);
			name = Flixster;
			productName = Flixster;
			productReference = 512CD49E25226EE5002BD969 /* Flixster.app */;
			productType = "com.apple.product-type.application";
		};
		512CD4B325226EF7002BD969 /* FlixsterTests */ = {
			isa = PBXNativeTarget;
			buildConfigurationList = 512CD4CB25226EF7002BD969 /* Build configuration list for PBXNativeTarget "FlixsterTests" */;
			buildPhases = (
				512CD4B025226EF7002BD969 /* Sources */,
				512CD4B125226EF7002BD969 /* Frameworks */,
				512CD4B225226EF7002BD969 /* Resources */,
			);
			buildRules = (
			);
			dependencies = (
				512CD4B625226EF7002BD969 /* PBXTargetDependency */,
			);
			name = FlixsterTests;
			productName = FlixsterTests;
			productReference = 512CD4B425226EF7002BD969 /* FlixsterTests.xctest */;
			productType = "com.apple.product-type.bundle.unit-test";
		};
		512CD4BE25226EF7002BD969 /* FlixsterUITests */ = {
			isa = PBXNativeTarget;
			buildConfigurationList = 512CD4CE25226EF7002BD969 /* Build configuration list for PBXNativeTarget "FlixsterUITests" */;
			buildPhases = (
				512CD4BB25226EF7002BD969 /* Sources */,
				512CD4BC25226EF7002BD969 /* Frameworks */,
				512CD4BD25226EF7002BD969 /* Resources */,
			);
			buildRules = (
			);
			dependencies = (
				512CD4C125226EF7002BD969 /* PBXTargetDependency */,
			);
			name = FlixsterUITests;
			productName = FlixsterUITests;
			productReference = 512CD4BF25226EF7002BD969 /* FlixsterUITests.xctest */;
			productType = "com.apple.product-type.bundle.ui-testing";
		};
/* End PBXNativeTarget section */

/* Begin PBXProject section */
		512CD49625226EE4002BD969 /* Project object */ = {
			isa = PBXProject;
			attributes = {
				LastSwiftUpdateCheck = 1120;
				LastUpgradeCheck = 1120;
				ORGANIZATIONNAME = dqu;
				TargetAttributes = {
					512CD49D25226EE5002BD969 = {
						CreatedOnToolsVersion = 11.2.1;
					};
					512CD4B325226EF7002BD969 = {
						CreatedOnToolsVersion = 11.2.1;
						TestTargetID = 512CD49D25226EE5002BD969;
					};
					512CD4BE25226EF7002BD969 = {
						CreatedOnToolsVersion = 11.2.1;
						TestTargetID = 512CD49D25226EE5002BD969;
					};
				};
			};
			buildConfigurationList = 512CD49925226EE4002BD969 /* Build configuration list for PBXProject "Flixster" */;
			compatibilityVersion = "Xcode 9.3";
			developmentRegion = en;
			hasScannedForEncodings = 0;
			knownRegions = (
				en,
				Base,
			);
			mainGroup = 512CD49525226EE4002BD969;
			productRefGroup = 512CD49F25226EE5002BD969 /* Products */;
			projectDirPath = "";
			projectRoot = "";
			targets = (
				512CD49D25226EE5002BD969 /* Flixster */,
				512CD4B325226EF7002BD969 /* FlixsterTests */,
				512CD4BE25226EF7002BD969 /* FlixsterUITests */,
			);
		};
/* End PBXProject section */

/* Begin PBXResourcesBuildPhase section */
		512CD49C25226EE5002BD969 /* Resources */ = {
			isa = PBXResourcesBuildPhase;
			buildActionMask = 2147483647;
			files = (
				512CD4AE25226EF6002BD969 /* LaunchScreen.storyboard in Resources */,
				512CD4AB25226EF6002BD969 /* Assets.xcassets in Resources */,
				512CD4A925226EE5002BD969 /* Main.storyboard in Resources */,
			);
			runOnlyForDeploymentPostprocessing = 0;
		};
		512CD4B225226EF7002BD969 /* Resources */ = {
			isa = PBXResourcesBuildPhase;
			buildActionMask = 2147483647;
			files = (
			);
			runOnlyForDeploymentPostprocessing = 0;
		};
		512CD4BD25226EF7002BD969 /* Resources */ = {
			isa = PBXResourcesBuildPhase;
			buildActionMask = 2147483647;
			files = (
			);
			runOnlyForDeploymentPostprocessing = 0;
		};
/* End PBXResourcesBuildPhase section */

/* Begin PBXSourcesBuildPhase section */
		512CD49A25226EE5002BD969 /* Sources */ = {
			isa = PBXSourcesBuildPhase;
			buildActionMask = 2147483647;
			files = (
				512CD4A625226EE5002BD969 /* ViewController.swift in Sources */,
				512CD4A225226EE5002BD969 /* AppDelegate.swift in Sources */,
				512CD4A425226EE5002BD969 /* SceneDelegate.swift in Sources */,
			);
			runOnlyForDeploymentPostprocessing = 0;
		};
		512CD4B025226EF7002BD969 /* Sources */ = {
			isa = PBXSourcesBuildPhase;
			buildActionMask = 2147483647;
			files = (
				512CD4B925226EF7002BD969 /* FlixsterTests.swift in Sources */,
			);
			runOnlyForDeploymentPostprocessing = 0;
		};
		512CD4BB25226EF7002BD969 /* Sources */ = {
			isa = PBXSourcesBuildPhase;
			buildActionMask = 2147483647;
			files = (
				512CD4C425226EF7002BD969 /* FlixsterUITests.swift in Sources */,
			);
			runOnlyForDeploymentPostprocessing = 0;
		};
/* End PBXSourcesBuildPhase section */

/* Begin PBXTargetDependency section */
		512CD4B625226EF7002BD969 /* PBXTargetDependency */ = {
			isa = PBXTargetDependency;
			target = 512CD49D25226EE5002BD969 /* Flixster */;
			targetProxy = 512CD4B525226EF7002BD969 /* PBXContainerItemProxy */;
		};
		512CD4C125226EF7002BD969 /* PBXTargetDependency */ = {
			isa = PBXTargetDependency;
			target = 512CD49D25226EE5002BD969 /* Flixster */;
			targetProxy = 512CD4C025226EF7002BD969 /* PBXContainerItemProxy */;
		};
/* End PBXTargetDependency section */

/* Begin PBXVariantGroup section */
		512CD4A725226EE5002BD969 /* Main.storyboard */ = {
			isa = PBXVariantGroup;
			children = (
				512CD4A825226EE5002BD969 /* Base */,
			);
			name = Main.storyboard;
			sourceTree = "<group>";
		};
		512CD4AC25226EF6002BD969 /* LaunchScreen.storyboard */ = {
			isa = PBXVariantGroup;
			children = (
				512CD4AD25226EF6002BD969 /* Base */,
			);
			name = LaunchScreen.storyboard;
			sourceTree = "<group>";
		};
/* End PBXVariantGroup section */

/* Begin XCBuildConfiguration section */
		512CD4C625226EF7002BD969 /* Debug */ = {
			isa = XCBuildConfiguration;
			buildSettings = {
				ALWAYS_SEARCH_USER_PATHS = NO;
				CLANG_ANALYZER_NONNULL = YES;
				CLANG_ANALYZER_NUMBER_OBJECT_CONVERSION = YES_AGGRESSIVE;
				CLANG_CXX_LANGUAGE_STANDARD = "gnu++14";
				CLANG_CXX_LIBRARY = "libc++";
				CLANG_ENABLE_MODULES = YES;
				CLANG_ENABLE_OBJC_ARC = YES;
				CLANG_ENABLE_OBJC_WEAK = YES;
				CLANG_WARN_BLOCK_CAPTURE_AUTORELEASING = YES;
				CLANG_WARN_BOOL_CONVERSION = YES;
				CLANG_WARN_COMMA = YES;
				CLANG_WARN_CONSTANT_CONVERSION = YES;
				CLANG_WARN_DEPRECATED_OBJC_IMPLEMENTATIONS = YES;
				CLANG_WARN_DIRECT_OBJC_ISA_USAGE = YES_ERROR;
				CLANG_WARN_DOCUMENTATION_COMMENTS = YES;
				CLANG_WARN_EMPTY_BODY = YES;
				CLANG_WARN_ENUM_CONVERSION = YES;
				CLANG_WARN_INFINITE_RECURSION = YES;
				CLANG_WARN_INT_CONVERSION = YES;
				CLANG_WARN_NON_LITERAL_NULL_CONVERSION = YES;
				CLANG_WARN_OBJC_IMPLICIT_RETAIN_SELF = YES;
				CLANG_WARN_OBJC_LITERAL_CONVERSION = YES;
				CLANG_WARN_OBJC_ROOT_CLASS = YES_ERROR;
				CLANG_WARN_RANGE_LOOP_ANALYSIS = YES;
				CLANG_WARN_STRICT_PROTOTYPES = YES;
				CLANG_WARN_SUSPICIOUS_MOVE = YES;
				CLANG_WARN_UNGUARDED_AVAILABILITY = YES_AGGRESSIVE;
				CLANG_WARN_UNREACHABLE_CODE = YES;
				CLANG_WARN__DUPLICATE_METHOD_MATCH = YES;
				COPY_PHASE_STRIP = NO;
				DEBUG_INFORMATION_FORMAT = dwarf;
				ENABLE_STRICT_OBJC_MSGSEND = YES;
				ENABLE_TESTABILITY = YES;
				GCC_C_LANGUAGE_STANDARD = gnu11;
				GCC_DYNAMIC_NO_PIC = NO;
				GCC_NO_COMMON_BLOCKS = YES;
				GCC_OPTIMIZATION_LEVEL = 0;
				GCC_PREPROCESSOR_DEFINITIONS = (
					"DEBUG=1",
					"$(inherited)",
				);
				GCC_WARN_64_TO_32_BIT_CONVERSION = YES;
				GCC_WARN_ABOUT_RETURN_TYPE = YES_ERROR;
				GCC_WARN_UNDECLARED_SELECTOR = YES;
				GCC_WARN_UNINITIALIZED_AUTOS = YES_AGGRESSIVE;
				GCC_WARN_UNUSED_FUNCTION = YES;
				GCC_WARN_UNUSED_VARIABLE = YES;
				IPHONEOS_DEPLOYMENT_TARGET = 13.2;
				MTL_ENABLE_DEBUG_INFO = INCLUDE_SOURCE;
				MTL_FAST_MATH = YES;
				ONLY_ACTIVE_ARCH = YES;
				SDKROOT = iphoneos;
				SWIFT_ACTIVE_COMPILATION_CONDITIONS = DEBUG;
				SWIFT_OPTIMIZATION_LEVEL = "-Onone";
			};
			name = Debug;
		};
		512CD4C725226EF7002BD969 /* Release */ = {
			isa = XCBuildConfiguration;
			buildSettings = {
				ALWAYS_SEARCH_USER_PATHS = NO;
				CLANG_ANALYZER_NONNULL = YES;
				CLANG_ANALYZER_NUMBER_OBJECT_CONVERSION = YES_AGGRESSIVE;
				CLANG_CXX_LANGUAGE_STANDARD = "gnu++14";
				CLANG_CXX_LIBRARY = "libc++";
				CLANG_ENABLE_MODULES = YES;
				CLANG_ENABLE_OBJC_ARC = YES;
				CLANG_ENABLE_OBJC_WEAK = YES;
				CLANG_WARN_BLOCK_CAPTURE_AUTORELEASING = YES;
				CLANG_WARN_BOOL_CONVERSION = YES;
				CLANG_WARN_COMMA = YES;
				CLANG_WARN_CONSTANT_CONVERSION = YES;
				CLANG_WARN_DEPRECATED_OBJC_IMPLEMENTATIONS = YES;
				CLANG_WARN_DIRECT_OBJC_ISA_USAGE = YES_ERROR;
				CLANG_WARN_DOCUMENTATION_COMMENTS = YES;
				CLANG_WARN_EMPTY_BODY = YES;
				CLANG_WARN_ENUM_CONVERSION = YES;
				CLANG_WARN_INFINITE_RECURSION = YES;
				CLANG_WARN_INT_CONVERSION = YES;
				CLANG_WARN_NON_LITERAL_NULL_CONVERSION = YES;
				CLANG_WARN_OBJC_IMPLICIT_RETAIN_SELF = YES;
				CLANG_WARN_OBJC_LITERAL_CONVERSION = YES;
				CLANG_WARN_OBJC_ROOT_CLASS = YES_ERROR;
				CLANG_WARN_RANGE_LOOP_ANALYSIS = YES;
				CLANG_WARN_STRICT_PROTOTYPES = YES;
				CLANG_WARN_SUSPICIOUS_MOVE = YES;
				CLANG_WARN_UNGUARDED_AVAILABILITY = YES_AGGRESSIVE;
				CLANG_WARN_UNREACHABLE_CODE = YES;
				CLANG_WARN__DUPLICATE_METHOD_MATCH = YES;
				COPY_PHASE_STRIP = NO;
				DEBUG_INFORMATION_FORMAT = "dwarf-with-dsym";
				ENABLE_NS_ASSERTIONS = NO;
				ENABLE_STRICT_OBJC_MSGSEND = YES;
				GCC_C_LANGUAGE_STANDARD = gnu11;
				GCC_NO_COMMON_BLOCKS = YES;
				GCC_WARN_64_TO_32_BIT_CONVERSION = YES;
				GCC_WARN_ABOUT_RETURN_TYPE = YES_ERROR;
				GCC_WARN_UNDECLARED_SELECTOR = YES;
				GCC_WARN_UNINITIALIZED_AUTOS = YES_AGGRESSIVE;
				GCC_WARN_UNUSED_FUNCTION = YES;
				GCC_WARN_UNUSED_VARIABLE = YES;
				IPHONEOS_DEPLOYMENT_TARGET = 13.2;
				MTL_ENABLE_DEBUG_INFO = NO;
				MTL_FAST_MATH = YES;
				SDKROOT = iphoneos;
				SWIFT_COMPILATION_MODE = wholemodule;
				SWIFT_OPTIMIZATION_LEVEL = "-O";
				VALIDATE_PRODUCT = YES;
			};
			name = Release;
		};
		512CD4C925226EF7002BD969 /* Debug */ = {
			isa = XCBuildConfiguration;
			buildSettings = {
				ASSETCATALOG_COMPILER_APPICON_NAME = AppIcon;
				CODE_SIGN_STYLE = Automatic;
				INFOPLIST_FILE = Flixster/Info.plist;
				LD_RUNPATH_SEARCH_PATHS = (
					"$(inherited)",
					"@executable_path/Frameworks",
				);
				PRODUCT_BUNDLE_IDENTIFIER = dqu.Flixster;
				PRODUCT_NAME = "$(TARGET_NAME)";
				SWIFT_VERSION = 5.0;
				TARGETED_DEVICE_FAMILY = "1,2";
			};
			name = Debug;
		};
		512CD4CA25226EF7002BD969 /* Release */ = {
			isa = XCBuildConfiguration;
			buildSettings = {
				ASSETCATALOG_COMPILER_APPICON_NAME = AppIcon;
				CODE_SIGN_STYLE = Automatic;
				INFOPLIST_FILE = Flixster/Info.plist;
				LD_RUNPATH_SEARCH_PATHS = (
					"$(inherited)",
					"@executable_path/Frameworks",
				);
				PRODUCT_BUNDLE_IDENTIFIER = dqu.Flixster;
				PRODUCT_NAME = "$(TARGET_NAME)";
				SWIFT_VERSION = 5.0;
				TARGETED_DEVICE_FAMILY = "1,2";
			};
			name = Release;
		};
		512CD4CC25226EF7002BD969 /* Debug */ = {
			isa = XCBuildConfiguration;
			buildSettings = {
				ALWAYS_EMBED_SWIFT_STANDARD_LIBRARIES = YES;
				BUNDLE_LOADER = "$(TEST_HOST)";
				CODE_SIGN_STYLE = Automatic;
				INFOPLIST_FILE = FlixsterTests/Info.plist;
				IPHONEOS_DEPLOYMENT_TARGET = 13.2;
				LD_RUNPATH_SEARCH_PATHS = (
					"$(inherited)",
					"@executable_path/Frameworks",
					"@loader_path/Frameworks",
				);
				PRODUCT_BUNDLE_IDENTIFIER = dqu.FlixsterTests;
				PRODUCT_NAME = "$(TARGET_NAME)";
				SWIFT_VERSION = 5.0;
				TARGETED_DEVICE_FAMILY = "1,2";
				TEST_HOST = "$(BUILT_PRODUCTS_DIR)/Flixster.app/Flixster";
			};
			name = Debug;
		};
		512CD4CD25226EF7002BD969 /* Release */ = {
			isa = XCBuildConfiguration;
			buildSettings = {
				ALWAYS_EMBED_SWIFT_STANDARD_LIBRARIES = YES;
				BUNDLE_LOADER = "$(TEST_HOST)";
				CODE_SIGN_STYLE = Automatic;
				INFOPLIST_FILE = FlixsterTests/Info.plist;
				IPHONEOS_DEPLOYMENT_TARGET = 13.2;
				LD_RUNPATH_SEARCH_PATHS = (
					"$(inherited)",
					"@executable_path/Frameworks",
					"@loader_path/Frameworks",
				);
				PRODUCT_BUNDLE_IDENTIFIER = dqu.FlixsterTests;
				PRODUCT_NAME = "$(TARGET_NAME)";
				SWIFT_VERSION = 5.0;
				TARGETED_DEVICE_FAMILY = "1,2";
				TEST_HOST = "$(BUILT_PRODUCTS_DIR)/Flixster.app/Flixster";
			};
			name = Release;
		};
		512CD4CF25226EF7002BD969 /* Debug */ = {
			isa = XCBuildConfiguration;
			buildSettings = {
				ALWAYS_EMBED_SWIFT_STANDARD_LIBRARIES = YES;
				CODE_SIGN_STYLE = Automatic;
				INFOPLIST_FILE = FlixsterUITests/Info.plist;
				LD_RUNPATH_SEARCH_PATHS = (
					"$(inherited)",
					"@executable_path/Frameworks",
					"@loader_path/Frameworks",
				);
				PRODUCT_BUNDLE_IDENTIFIER = dqu.FlixsterUITests;
				PRODUCT_NAME = "$(TARGET_NAME)";
				SWIFT_VERSION = 5.0;
				TARGETED_DEVICE_FAMILY = "1,2";
				TEST_TARGET_NAME = Flixster;
			};
			name = Debug;
		};
		512CD4D025226EF7002BD969 /* Release */ = {
			isa = XCBuildConfiguration;
			buildSettings = {
				ALWAYS_EMBED_SWIFT_STANDARD_LIBRARIES = YES;
				CODE_SIGN_STYLE = Automatic;
				INFOPLIST_FILE = FlixsterUITests/Info.plist;
				LD_RUNPATH_SEARCH_PATHS = (
					"$(inherited)",
					"@executable_path/Frameworks",
					"@loader_path/Frameworks",
				);
				PRODUCT_BUNDLE_IDENTIFIER = dqu.FlixsterUITests;
				PRODUCT_NAME = "$(TARGET_NAME)";
				SWIFT_VERSION = 5.0;
				TARGETED_DEVICE_FAMILY = "1,2";
				TEST_TARGET_NAME = Flixster;
			};
			name = Release;
		};
/* End XCBuildConfiguration section */

/* Begin XCConfigurationList section */
		512CD49925226EE4002BD969 /* Build configuration list for PBXProject "Flixster" */ = {
			isa = XCConfigurationList;
			buildConfigurations = (
				512CD4C625226EF7002BD969 /* Debug */,
				512CD4C725226EF7002BD969 /* Release */,
			);
			defaultConfigurationIsVisible = 0;
			defaultConfigurationName = Release;
		};
		512CD4C825226EF7002BD969 /* Build configuration list for PBXNativeTarget "Flixster" */ = {
			isa = XCConfigurationList;
			buildConfigurations = (
				512CD4C925226EF7002BD969 /* Debug */,
				512CD4CA25226EF7002BD969 /* Release */,
			);
			defaultConfigurationIsVisible = 0;
			defaultConfigurationName = Release;
		};
		512CD4CB25226EF7002BD969 /* Build configuration list for PBXNativeTarget "FlixsterTests" */ = {
			isa = XCConfigurationList;
			buildConfigurations = (
				512CD4CC25226EF7002BD969 /* Debug */,
				512CD4CD25226EF7002BD969 /* Release */,
			);
			defaultConfigurationIsVisible = 0;
			defaultConfigurationName = Release;
		};
		512CD4CE25226EF7002BD969 /* Build configuration list for PBXNativeTarget "FlixsterUITests" */ = {
			isa = XCConfigurationList;
			buildConfigurations = (
				512CD4CF25226EF7002BD969 /* Debug */,
				512CD4D025226EF7002BD969 /* Release */,
			);
			defaultConfigurationIsVisible = 0;
			defaultConfigurationName = Release;
		};
/* End XCConfigurationList section */
	};
	rootObject = 512CD49625226EE4002BD969 /* Project object */;
}
